Microsoft Visual Studio Solution File, Format Version 12.00
# Visual Studio Version 16
VisualStudioVersion = 16.0.30128.74
MinimumVisualStudioVersion = 10.0.40219.1
Project("{9A19103F-16F7-4668-BE54-9A1E7A4F7556}") = "DoAnFW", "DoAnFW\DoAnFW.csproj", "{766DA5DE-20E3-4A6F-AD6D-565D580B0BF6}"
EndProject
Global
	GlobalSection(SolutionConfigurationPlatforms) = preSolution
		Debug|Any CPU = Debug|Any CPU
		Release|Any CPU = Release|Any CPU
	EndGlobalSection
	GlobalSection(ProjectConfigurationPlatforms) = postSolution
		{766DA5DE-20E3-4A6F-AD6D-565D580B0BF6}.Debug|Any CPU.ActiveCfg = Debug|Any CPU
		{766DA5DE-20E3-4A6F-AD6D-565D580B0BF6}.Debug|Any CPU.Build.0 = Debug|Any CPU
		{766DA5DE-20E3-4A6F-AD6D-565D580B0BF6}.Release|Any CPU.ActiveCfg = Release|Any CPU
		{766DA5DE-20E3-4A6F-AD6D-565D580B0BF6}.Release|Any CPU.Build.0 = Release|Any CPU
	EndGlobalSection
	GlobalSection(SolutionProperties) = preSolution
		HideSolutionNode = FALSE
	EndGlobalSection
	GlobalSection(ExtensibilityGlobals) = postSolution
		SolutionGuid = {43A2FEA1-EA41-49B4-A4F6-28ACB0DC4E99}
	EndGlobalSection
EndGlobal
